
Microsoft Visual Studio Solution File, Format Version 12.00
# Visual Studio Version 17
VisualStudioVersion = 17.5.002.0
MinimumVisualStudioVersion = 10.0.40219.1
Project("{9A19103F-16F7-4668-BE54-9A1E7A4F7556}") = "jenkinsAndroid", "jenkinsAndroid.csproj", "{3C2623B1-296E-437A-83E5-A953DB13313E}"
EndProject
Project("{FAE04EC0-301F-11D3-BF4B-00C04F79EFBC}") = "Library", "..\Library\Library\Library.csproj", "{2D196C5F-5DF9-4C0C-9417-9B1A8F67770A}"
EndProject
Global
	GlobalSection(SolutionConfigurationPlatforms) = preSolution
		Debug|Any CPU = Debug|Any CPU
		Release|Any CPU = Release|Any CPU
	EndGlobalSection
	GlobalSection(ProjectConfigurationPlatforms) = postSolution
		{3C2623B1-296E-437A-83E5-A953DB13313E}.Debug|Any CPU.ActiveCfg = Debug|Any CPU
		{3C2623B1-296E-437A-83E5-A953DB13313E}.Debug|Any CPU.Build.0 = Debug|Any CPU
		{3C2623B1-296E-437A-83E5-A953DB13313E}.Release|Any CPU.ActiveCfg = Release|Any CPU
		{3C2623B1-296E-437A-83E5-A953DB13313E}.Release|Any CPU.Build.0 = Release|Any CPU
		{2D196C5F-5DF9-4C0C-9417-9B1A8F67770A}.Debug|Any CPU.ActiveCfg = Debug|Any CPU
		{2D196C5F-5DF9-4C0C-9417-9B1A8F67770A}.Debug|Any CPU.Build.0 = Debug|Any CPU
		{2D196C5F-5DF9-4C0C-9417-9B1A8F67770A}.Release|Any CPU.ActiveCfg = Release|Any CPU
		{2D196C5F-5DF9-4C0C-9417-9B1A8F67770A}.Release|Any CPU.Build.0 = Release|Any CPU
	EndGlobalSection
	GlobalSection(SolutionProperties) = preSolution
		HideSolutionNode = FALSE
	EndGlobalSection
	GlobalSection(ExtensibilityGlobals) = postSolution
		SolutionGuid = {BB9E451F-0EB3-440C-9816-C6C4646CCCE9}
	EndGlobalSection
EndGlobal
